Microsoft Visual Studio Solution File, Format Version 11.00
# Visual Studio 2008

Project("{EA74D9C5-CD6E-E93F-3D99-B026AA859834}") = "AxonClone", "Assembly-CSharp-firstpass.csproj", "{8A7E8E8C-FAD9-1CE7-291F-44AF3BB8CF8D}"
EndProject
Project("{EA74D9C5-CD6E-E93F-3D99-B026AA859834}") = "AxonClone", "Assembly-CSharp.csproj", "{4E78067B-6E43-8733-92A2-C437069FA242}"
EndProject
Project("{EA74D9C5-CD6E-E93F-3D99-B026AA859834}") = "AxonClone", "Assembly-UnityScript-firstpass.unityproj", "{BAC49985-66B6-B134-B41B-1FFCF5E1D9DD}"
EndProject
Project("{EA74D9C5-CD6E-E93F-3D99-B026AA859834}") = "AxonClone", "Assembly-UnityScript-Editor-firstpass.unityproj", "{78CBDE8C-4973-9B90-0315-560C6109115E}"
EndProject
Global
	GlobalSection(SolutionConfigurationPlatforms) = preSolution
		Debug|Any CPU = Debug|Any CPU
		Release|Any CPU = Release|Any CPU
	EndGlobalSection
	GlobalSection(ProjectConfigurationPlatforms) = postSolution
		{8A7E8E8C-FAD9-1CE7-291F-44AF3BB8CF8D}.Debug|Any CPU.ActiveCfg = Debug|Any CPU
		{8A7E8E8C-FAD9-1CE7-291F-44AF3BB8CF8D}.Debug|Any CPU.Build.0 = Debug|Any CPU
		{8A7E8E8C-FAD9-1CE7-291F-44AF3BB8CF8D}.Release|Any CPU.ActiveCfg = Release|Any CPU
		{8A7E8E8C-FAD9-1CE7-291F-44AF3BB8CF8D}.Release|Any CPU.Build.0 = Release|Any CPU
		{4E78067B-6E43-8733-92A2-C437069FA242}.Debug|Any CPU.ActiveCfg = Debug|Any CPU
		{4E78067B-6E43-8733-92A2-C437069FA242}.Debug|Any CPU.Build.0 = Debug|Any CPU
		{4E78067B-6E43-8733-92A2-C437069FA242}.Release|Any CPU.ActiveCfg = Release|Any CPU
		{4E78067B-6E43-8733-92A2-C437069FA242}.Release|Any CPU.Build.0 = Release|Any CPU
		{BAC49985-66B6-B134-B41B-1FFCF5E1D9DD}.Debug|Any CPU.ActiveCfg = Debug|Any CPU
		{BAC49985-66B6-B134-B41B-1FFCF5E1D9DD}.Debug|Any CPU.Build.0 = Debug|Any CPU
		{BAC49985-66B6-B134-B41B-1FFCF5E1D9DD}.Release|Any CPU.ActiveCfg = Release|Any CPU
		{BAC49985-66B6-B134-B41B-1FFCF5E1D9DD}.Release|Any CPU.Build.0 = Release|Any CPU
		{78CBDE8C-4973-9B90-0315-560C6109115E}.Debug|Any CPU.ActiveCfg = Debug|Any CPU
		{78CBDE8C-4973-9B90-0315-560C6109115E}.Debug|Any CPU.Build.0 = Debug|Any CPU
		{78CBDE8C-4973-9B90-0315-560C6109115E}.Release|Any CPU.ActiveCfg = Release|Any CPU
		{78CBDE8C-4973-9B90-0315-560C6109115E}.Release|Any CPU.Build.0 = Release|Any CPU
	EndGlobalSection
	GlobalSection(SolutionProperties) = preSolution
		HideSolutionNode = FALSE
	EndGlobalSection
																						GlobalSection(MonoDevelopProperties) = preSolution
		StartupItem = Assembly-CSharp.csproj
		Policies = $0
		$0.TextStylePolicy = $1
		$1.inheritsSet = null
		$1.scope = text/x-csharp
		$0.CSharpFormattingPolicy = $2
		$2.inheritsSet = Mono
		$2.inheritsScope = text/x-csharp
		$2.scope = text/x-csharp
		$0.TextStylePolicy = $3
		$3.FileWidth = 120
		$3.TabWidth = 4
		$3.EolMarker = Unix
		$3.inheritsSet = Mono
		$3.inheritsScope = text/plain
		$3.scope = text/plain
	EndGlobalSection

EndGlobal
